{
    "_meta": {
        "hash": {
            "sha256": "e8db98f85c35edb3ec6c1239e015493b7eaa1fc29dad594add58422e7885a7c4"
        },
        "pipfile-spec": 6,
        "requires": {
            "python_version": "3.7.7"
        },
        "sources": [
            {
                "name": "pypi",
                "url": "https://pypi.org/simple",
                "verify_ssl": true
            }
        ]
    },
    "default": {
        "altgraph": {
            "hashes": [
                "sha256:ad33358114df7c9416cdb8fa1eaa5852166c505118717021c6a8c7c7abbd03dd",
                "sha256:c8ac1ca6772207179ed8003ce7687757c04b0b71536f81e2ac5755c6226458fe"
            ],
            "version": "==0.17.3"
        },
        "pyinstaller": {
            "hashes": [
                "sha256:3730fa80d088f8bb7084d32480eb87cbb4ddb64123363763cf8f2a1378c1c4b7"
            ],
            "index": "pypi",
            "version": "==3.6"
        },
        "pypdf2": {
            "hashes": [
                "sha256:5e29ffaf2efcfb77c25206e3b8df517a18af84e64ebe1b3a93abac8d01176374",
                "sha256:5f7937fd94ba387a2a241db8858770e53091d8ffab9922512c0bf48e3f4cc615"
            ],
            "index": "pypi",
            "version": "==1.27.9"
        },
        "setuptools": {
            "hashes": [
                "sha256:11e52c67415a381d10d6b462ced9cfb97066179f0e871399e006c4ab101fc85f",
                "sha256:baf1fdb41c6da4cd2eae722e135500da913332ab3f2f5c7d33af9b492acb5235"
            ],
            "markers": "python_version >= '3.7'",
            "version": "==68.0.0"
        }
    },
    "develop": {}
}
